// !$*UTF8*$!
{
	archiveVersion = 1;
	classes = {
	};
	objectVersion = 50;
	objects = {

/* Begin PBXBuildFile section */
		8C01276925519120001F8447 /* AppDelegate.swift in Sources */ = {isa = PBXBuildFile; fileRef = 8C01276825519120001F8447 /* AppDelegate.swift */; };
		8C01277325519120001F8447 /* SBBOL.xcdatamodeld in Sources */ = {isa = PBXBuildFile; fileRef = 8C01277125519120001F8447 /* SBBOL.xcdatamodeld */; };
		8C01277525519120001F8447 /* Assets.xcassets in Resources */ = {isa = PBXBuildFile; fileRef = 8C01277425519120001F8447 /* Assets.xcassets */; };
		8C01277825519120001F8447 /* LaunchScreen.storyboard in Resources */ = {isa = PBXBuildFile; fileRef = 8C01277625519120001F8447 /* LaunchScreen.storyboard */; };
		8C7C51A12552DB0200AAFDD3 /* RootInputModel.swift in Sources */ = {isa = PBXBuildFile; fileRef = 8C7C51992552DB0200AAFDD3 /* RootInputModel.swift */; };
		8C7C51A22552DB0200AAFDD3 /* RootPresenter.swift in Sources */ = {isa = PBXBuildFile; fileRef = 8C7C519A2552DB0200AAFDD3 /* RootPresenter.swift */; };
		8C7C51A32552DB0200AAFDD3 /* RootRouter.swift in Sources */ = {isa = PBXBuildFile; fileRef = 8C7C519B2552DB0200AAFDD3 /* RootRouter.swift */; };
		8C7C51A42552DB0200AAFDD3 /* RootViewController.swift in Sources */ = {isa = PBXBuildFile; fileRef = 8C7C519C2552DB0200AAFDD3 /* RootViewController.swift */; };
		8C7C51A52552DB0200AAFDD3 /* RootProtocols.swift in Sources */ = {isa = PBXBuildFile; fileRef = 8C7C519D2552DB0200AAFDD3 /* RootProtocols.swift */; };
		8C7C51A62552DB0200AAFDD3 /* RootAssembly.swift in Sources */ = {isa = PBXBuildFile; fileRef = 8C7C519E2552DB0200AAFDD3 /* RootAssembly.swift */; };
		8C7C51A72552DB0200AAFDD3 /* RootInteractor.swift in Sources */ = {isa = PBXBuildFile; fileRef = 8C7C519F2552DB0200AAFDD3 /* RootInteractor.swift */; };
		8C7C51A82552DB0200AAFDD3 /* RootViewController.xib in Resources */ = {isa = PBXBuildFile; fileRef = 8C7C51A02552DB0200AAFDD3 /* RootViewController.xib */; };
		8C7C51B22552DB1600AAFDD3 /* BaseTabBarInputModel.swift in Sources */ = {isa = PBXBuildFile; fileRef = 8C7C51AA2552DB1600AAFDD3 /* BaseTabBarInputModel.swift */; };
		8C7C51B32552DB1600AAFDD3 /* BaseTabBarPresenter.swift in Sources */ = {isa = PBXBuildFile; fileRef = 8C7C51AB2552DB1600AAFDD3 /* BaseTabBarPresenter.swift */; };
		8C7C51B42552DB1600AAFDD3 /* BaseTabBarRouter.swift in Sources */ = {isa = PBXBuildFile; fileRef = 8C7C51AC2552DB1600AAFDD3 /* BaseTabBarRouter.swift */; };
		8C7C51B52552DB1600AAFDD3 /* BaseTabBarViewController.swift in Sources */ = {isa = PBXBuildFile; fileRef = 8C7C51AD2552DB1600AAFDD3 /* BaseTabBarViewController.swift */; };
		8C7C51B62552DB1600AAFDD3 /* BaseTabBarProtocols.swift in Sources */ = {isa = PBXBuildFile; fileRef = 8C7C51AE2552DB1600AAFDD3 /* BaseTabBarProtocols.swift */; };
		8C7C51B72552DB1600AAFDD3 /* BaseTabBarAssembly.swift in Sources */ = {isa = PBXBuildFile; fileRef = 8C7C51AF2552DB1600AAFDD3 /* BaseTabBarAssembly.swift */; };
		8C7C51B82552DB1600AAFDD3 /* BaseTabBarInteractor.swift in Sources */ = {isa = PBXBuildFile; fileRef = 8C7C51B02552DB1600AAFDD3 /* BaseTabBarInteractor.swift */; };
		8C7C51B92552DB1600AAFDD3 /* BaseTabBarViewController.xib in Resources */ = {isa = PBXBuildFile; fileRef = 8C7C51B12552DB1600AAFDD3 /* BaseTabBarViewController.xib */; };
		8C7C51C82552DF2300AAFDD3 /* TranslateInputModel.swift in Sources */ = {isa = PBXBuildFile; fileRef = 8C7C51C02552DF2300AAFDD3 /* TranslateInputModel.swift */; };
		8C7C51C92552DF2300AAFDD3 /* TranslatePresenter.swift in Sources */ = {isa = PBXBuildFile; fileRef = 8C7C51C12552DF2300AAFDD3 /* TranslatePresenter.swift */; };
		8C7C51CA2552DF2300AAFDD3 /* TranslateRouter.swift in Sources */ = {isa = PBXBuildFile; fileRef = 8C7C51C22552DF2300AAFDD3 /* TranslateRouter.swift */; };
		8C7C51CB2552DF2300AAFDD3 /* TranslateViewController.swift in Sources */ = {isa = PBXBuildFile; fileRef = 8C7C51C32552DF2300AAFDD3 /* TranslateViewController.swift */; };
		8C7C51CC2552DF2300AAFDD3 /* TranslateProtocols.swift in Sources */ = {isa = PBXBuildFile; fileRef = 8C7C51C42552DF2300AAFDD3 /* TranslateProtocols.swift */; };
		8C7C51CD2552DF2300AAFDD3 /* TranslateAssembly.swift in Sources */ = {isa = PBXBuildFile; fileRef = 8C7C51C52552DF2300AAFDD3 /* TranslateAssembly.swift */; };
		8C7C51CE2552DF2300AAFDD3 /* TranslateInteractor.swift in Sources */ = {isa = PBXBuildFile; fileRef = 8C7C51C62552DF2300AAFDD3 /* TranslateInteractor.swift */; };
		8C7C51CF2552DF2300AAFDD3 /* TranslateViewController.xib in Resources */ = {isa = PBXBuildFile; fileRef = 8C7C51C72552DF2300AAFDD3 /* TranslateViewController.xib */; };
		8C7C51D92552DF3000AAFDD3 /* HistoryInputModel.swift in Sources */ = {isa = PBXBuildFile; fileRef = 8C7C51D12552DF3000AAFDD3 /* HistoryInputModel.swift */; };
		8C7C51DA2552DF3000AAFDD3 /* HistoryPresenter.swift in Sources */ = {isa = PBXBuildFile; fileRef = 8C7C51D22552DF3000AAFDD3 /* HistoryPresenter.swift */; };
		8C7C51DB2552DF3000AAFDD3 /* HistoryRouter.swift in Sources */ = {isa = PBXBuildFile; fileRef = 8C7C51D32552DF3000AAFDD3 /* HistoryRouter.swift */; };
		8C7C51DC2552DF3000AAFDD3 /* HistoryViewController.swift in Sources */ = {isa = PBXBuildFile; fileRef = 8C7C51D42552DF3000AAFDD3 /* HistoryViewController.swift */; };
		8C7C51DD2552DF3000AAFDD3 /* HistoryProtocols.swift in Sources */ = {isa = PBXBuildFile; fileRef = 8C7C51D52552DF3000AAFDD3 /* HistoryProtocols.swift */; };
		8C7C51DE2552DF3000AAFDD3 /* HistoryAssembly.swift in Sources */ = {isa = PBXBuildFile; fileRef = 8C7C51D62552DF3000AAFDD3 /* HistoryAssembly.swift */; };
		8C7C51DF2552DF3000AAFDD3 /* HistoryInteractor.swift in Sources */ = {isa = PBXBuildFile; fileRef = 8C7C51D72552DF3000AAFDD3 /* HistoryInteractor.swift */; };
		8C7C51E02552DF3000AAFDD3 /* HistoryViewController.xib in Resources */ = {isa = PBXBuildFile; fileRef = 8C7C51D82552DF3000AAFDD3 /* HistoryViewController.xib */; };
		8C7C51EA2552DF3A00AAFDD3 /* SettingsInputModel.swift in Sources */ = {isa = PBXBuildFile; fileRef = 8C7C51E22552DF3A00AAFDD3 /* SettingsInputModel.swift */; };
		8C7C51EB2552DF3A00AAFDD3 /* SettingsPresenter.swift in Sources */ = {isa = PBXBuildFile; fileRef = 8C7C51E32552DF3A00AAFDD3 /* SettingsPresenter.swift */; };
		8C7C51EC2552DF3A00AAFDD3 /* SettingsRouter.swift in Sources */ = {isa = PBXBuildFile; fileRef = 8C7C51E42552DF3A00AAFDD3 /* SettingsRouter.swift */; };
		8C7C51ED2552DF3A00AAFDD3 /* SettingsViewController.swift in Sources */ = {isa = PBXBuildFile; fileRef = 8C7C51E52552DF3A00AAFDD3 /* SettingsViewController.swift */; };
		8C7C51EE2552DF3A00AAFDD3 /* SettingsProtocols.swift in Sources */ = {isa = PBXBuildFile; fileRef = 8C7C51E62552DF3A00AAFDD3 /* SettingsProtocols.swift */; };
		8C7C51EF2552DF3A00AAFDD3 /* SettingsAssembly.swift in Sources */ = {isa = PBXBuildFile; fileRef = 8C7C51E72552DF3A00AAFDD3 /* SettingsAssembly.swift */; };
		8C7C51F02552DF3A00AAFDD3 /* SettingsInteractor.swift in Sources */ = {isa = PBXBuildFile; fileRef = 8C7C51E82552DF3A00AAFDD3 /* SettingsInteractor.swift */; };
		8C7C51F12552DF3A00AAFDD3 /* SettingsViewController.xib in Resources */ = {isa = PBXBuildFile; fileRef = 8C7C51E92552DF3A00AAFDD3 /* SettingsViewController.xib */; };
/* End PBXBuildFile section */

/* Begin PBXFileReference section */
		8C01276525519120001F8447 /* SBBOL.app */ = {isa = PBXFileReference; explicitFileType = wrapper.application; includeInIndex = 0; path = SBBOL.app; sourceTree = BUILT_PRODUCTS_DIR; };
		8C01276825519120001F8447 /* AppDelegate.swift */ = {isa = PBXFileReference; lastKnownFileType = sourcecode.swift; path = AppDelegate.swift; sourceTree = "<group>"; };
		8C01277225519120001F8447 /* SBBOL.xcdatamodel */ = {isa = PBXFileReference; lastKnownFileType = wrapper.xcdatamodel; path = SBBOL.xcdatamodel; sourceTree = "<group>"; };
		8C01277425519120001F8447 /* Assets.xcassets */ = {isa = PBXFileReference; lastKnownFileType = folder.assetcatalog; path = Assets.xcassets; sourceTree = "<group>"; };
		8C01277725519120001F8447 /* Base */ = {isa = PBXFileReference; lastKnownFileType = file.storyboard; name = Base; path = Base.lproj/LaunchScreen.storyboard; sourceTree = "<group>"; };
		8C01277925519120001F8447 /* Info.plist */ = {isa = PBXFileReference; lastKnownFileType = text.plist.xml; path = Info.plist; sourceTree = "<group>"; };
		8C7C51992552DB0200AAFDD3 /* RootInputModel.swift */ = {isa = PBXFileReference; lastKnownFileType = sourcecode.swift; path = RootInputModel.swift; sourceTree = "<group>"; };
		8C7C519A2552DB0200AAFDD3 /* RootPresenter.swift */ = {isa = PBXFileReference; lastKnownFileType = sourcecode.swift; path = RootPresenter.swift; sourceTree = "<group>"; };
		8C7C519B2552DB0200AAFDD3 /* RootRouter.swift */ = {isa = PBXFileReference; lastKnownFileType = sourcecode.swift; path = RootRouter.swift; sourceTree = "<group>"; };
		8C7C519C2552DB0200AAFDD3 /* RootViewController.swift */ = {isa = PBXFileReference; lastKnownFileType = sourcecode.swift; path = RootViewController.swift; sourceTree = "<group>"; };
		8C7C519D2552DB0200AAFDD3 /* RootProtocols.swift */ = {isa = PBXFileReference; lastKnownFileType = sourcecode.swift; path = RootProtocols.swift; sourceTree = "<group>"; };
		8C7C519E2552DB0200AAFDD3 /* RootAssembly.swift */ = {isa = PBXFileReference; lastKnownFileType = sourcecode.swift; path = RootAssembly.swift; sourceTree = "<group>"; };
		8C7C519F2552DB0200AAFDD3 /* RootInteractor.swift */ = {isa = PBXFileReference; lastKnownFileType = sourcecode.swift; path = RootInteractor.swift; sourceTree = "<group>"; };
		8C7C51A02552DB0200AAFDD3 /* RootViewController.xib */ = {isa = PBXFileReference; lastKnownFileType = file.xib; path = RootViewController.xib; sourceTree = "<group>"; };
		8C7C51AA2552DB1600AAFDD3 /* BaseTabBarInputModel.swift */ = {isa = PBXFileReference; lastKnownFileType = sourcecode.swift; path = BaseTabBarInputModel.swift; sourceTree = "<group>"; };
		8C7C51AB2552DB1600AAFDD3 /* BaseTabBarPresenter.swift */ = {isa = PBXFileReference; lastKnownFileType = sourcecode.swift; path = BaseTabBarPresenter.swift; sourceTree = "<group>"; };
		8C7C51AC2552DB1600AAFDD3 /* BaseTabBarRouter.swift */ = {isa = PBXFileReference; lastKnownFileType = sourcecode.swift; path = BaseTabBarRouter.swift; sourceTree = "<group>"; };
		8C7C51AD2552DB1600AAFDD3 /* BaseTabBarViewController.swift */ = {isa = PBXFileReference; lastKnownFileType = sourcecode.swift; path = BaseTabBarViewController.swift; sourceTree = "<group>"; };
		8C7C51AE2552DB1600AAFDD3 /* BaseTabBarProtocols.swift */ = {isa = PBXFileReference; lastKnownFileType = sourcecode.swift; path = BaseTabBarProtocols.swift; sourceTree = "<group>"; };
		8C7C51AF2552DB1600AAFDD3 /* BaseTabBarAssembly.swift */ = {isa = PBXFileReference; lastKnownFileType = sourcecode.swift; path = BaseTabBarAssembly.swift; sourceTree = "<group>"; };
		8C7C51B02552DB1600AAFDD3 /* BaseTabBarInteractor.swift */ = {isa = PBXFileReference; lastKnownFileType = sourcecode.swift; path = BaseTabBarInteractor.swift; sourceTree = "<group>"; };
		8C7C51B12552DB1600AAFDD3 /* BaseTabBarViewController.xib */ = {isa = PBXFileReference; lastKnownFileType = file.xib; path = BaseTabBarViewController.xib; sourceTree = "<group>"; };
		8C7C51C02552DF2300AAFDD3 /* TranslateInputModel.swift */ = {isa = PBXFileReference; lastKnownFileType = sourcecode.swift; path = TranslateInputModel.swift; sourceTree = "<group>"; };
		8C7C51C12552DF2300AAFDD3 /* TranslatePresenter.swift */ = {isa = PBXFileReference; lastKnownFileType = sourcecode.swift; path = TranslatePresenter.swift; sourceTree = "<group>"; };
		8C7C51C22552DF2300AAFDD3 /* TranslateRouter.swift */ = {isa = PBXFileReference; lastKnownFileType = sourcecode.swift; path = TranslateRouter.swift; sourceTree = "<group>"; };
		8C7C51C32552DF2300AAFDD3 /* TranslateViewController.swift */ = {isa = PBXFileReference; lastKnownFileType = sourcecode.swift; path = TranslateViewController.swift; sourceTree = "<group>"; };
		8C7C51C42552DF2300AAFDD3 /* TranslateProtocols.swift */ = {isa = PBXFileReference; lastKnownFileType = sourcecode.swift; path = TranslateProtocols.swift; sourceTree = "<group>"; };
		8C7C51C52552DF2300AAFDD3 /* TranslateAssembly.swift */ = {isa = PBXFileReference; lastKnownFileType = sourcecode.swift; path = TranslateAssembly.swift; sourceTree = "<group>"; };
		8C7C51C62552DF2300AAFDD3 /* TranslateInteractor.swift */ = {isa = PBXFileReference; lastKnownFileType = sourcecode.swift; path = TranslateInteractor.swift; sourceTree = "<group>"; };
		8C7C51C72552DF2300AAFDD3 /* TranslateViewController.xib */ = {isa = PBXFileReference; lastKnownFileType = file.xib; path = TranslateViewController.xib; sourceTree = "<group>"; };
		8C7C51D12552DF3000AAFDD3 /* HistoryInputModel.swift */ = {isa = PBXFileReference; lastKnownFileType = sourcecode.swift; path = HistoryInputModel.swift; sourceTree = "<group>"; };
		8C7C51D22552DF3000AAFDD3 /* HistoryPresenter.swift */ = {isa = PBXFileReference; lastKnownFileType = sourcecode.swift; path = HistoryPresenter.swift; sourceTree = "<group>"; };
		8C7C51D32552DF3000AAFDD3 /* HistoryRouter.swift */ = {isa = PBXFileReference; lastKnownFileType = sourcecode.swift; path = HistoryRouter.swift; sourceTree = "<group>"; };
		8C7C51D42552DF3000AAFDD3 /* HistoryViewController.swift */ = {isa = PBXFileReference; lastKnownFileType = sourcecode.swift; path = HistoryViewController.swift; sourceTree = "<group>"; };
		8C7C51D52552DF3000AAFDD3 /* HistoryProtocols.swift */ = {isa = PBXFileReference; lastKnownFileType = sourcecode.swift; path = HistoryProtocols.swift; sourceTree = "<group>"; };
		8C7C51D62552DF3000AAFDD3 /* HistoryAssembly.swift */ = {isa = PBXFileReference; lastKnownFileType = sourcecode.swift; path = HistoryAssembly.swift; sourceTree = "<group>"; };
		8C7C51D72552DF3000AAFDD3 /* HistoryInteractor.swift */ = {isa = PBXFileReference; lastKnownFileType = sourcecode.swift; path = HistoryInteractor.swift; sourceTree = "<group>"; };
		8C7C51D82552DF3000AAFDD3 /* HistoryViewController.xib */ = {isa = PBXFileReference; lastKnownFileType = file.xib; path = HistoryViewController.xib; sourceTree = "<group>"; };
		8C7C51E22552DF3A00AAFDD3 /* SettingsInputModel.swift */ = {isa = PBXFileReference; lastKnownFileType = sourcecode.swift; path = SettingsInputModel.swift; sourceTree = "<group>"; };
		8C7C51E32552DF3A00AAFDD3 /* SettingsPresenter.swift */ = {isa = PBXFileReference; lastKnownFileType = sourcecode.swift; path = SettingsPresenter.swift; sourceTree = "<group>"; };
		8C7C51E42552DF3A00AAFDD3 /* SettingsRouter.swift */ = {isa = PBXFileReference; lastKnownFileType = sourcecode.swift; path = SettingsRouter.swift; sourceTree = "<group>"; };
		8C7C51E52552DF3A00AAFDD3 /* SettingsViewController.swift */ = {isa = PBXFileReference; lastKnownFileType = sourcecode.swift; path = SettingsViewController.swift; sourceTree = "<group>"; };
		8C7C51E62552DF3A00AAFDD3 /* SettingsProtocols.swift */ = {isa = PBXFileReference; lastKnownFileType = sourcecode.swift; path = SettingsProtocols.swift; sourceTree = "<group>"; };
		8C7C51E72552DF3A00AAFDD3 /* SettingsAssembly.swift */ = {isa = PBXFileReference; lastKnownFileType = sourcecode.swift; path = SettingsAssembly.swift; sourceTree = "<group>"; };
		8C7C51E82552DF3A00AAFDD3 /* SettingsInteractor.swift */ = {isa = PBXFileReference; lastKnownFileType = sourcecode.swift; path = SettingsInteractor.swift; sourceTree = "<group>"; };
		8C7C51E92552DF3A00AAFDD3 /* SettingsViewController.xib */ = {isa = PBXFileReference; lastKnownFileType = file.xib; path = SettingsViewController.xib; sourceTree = "<group>"; };
/* End PBXFileReference section */

/* Begin PBXFrameworksBuildPhase section */
		8C0127622551911F001F8447 /* Frameworks */ = {
			isa = PBXFrameworksBuildPhase;
			buildActionMask = 2147483647;
			files = (
			);
			runOnlyForDeploymentPostprocessing = 0;
		};
/* End PBXFrameworksBuildPhase section */

/* Begin PBXGroup section */
		8C01275C2551911F001F8447 = {
			isa = PBXGroup;
			children = (
				8C01276725519120001F8447 /* SBBOL */,
				8C01276625519120001F8447 /* Products */,
			);
			sourceTree = "<group>";
		};
		8C01276625519120001F8447 /* Products */ = {
			isa = PBXGroup;
			children = (
				8C01276525519120001F8447 /* SBBOL.app */,
			);
			name = Products;
			sourceTree = "<group>";
		};
		8C01276725519120001F8447 /* SBBOL */ = {
			isa = PBXGroup;
			children = (
				8C7C51822552D97C00AAFDD3 /* Modules */,
				8C01276825519120001F8447 /* AppDelegate.swift */,
				8C01277425519120001F8447 /* Assets.xcassets */,
				8C01277625519120001F8447 /* LaunchScreen.storyboard */,
				8C01277925519120001F8447 /* Info.plist */,
				8C01277125519120001F8447 /* SBBOL.xcdatamodeld */,
			);
			path = SBBOL;
			sourceTree = "<group>";
		};
		8C7C51822552D97C00AAFDD3 /* Modules */ = {
			isa = PBXGroup;
			children = (
				8C7C51982552DAE000AAFDD3 /* BaseTabBar */,
				8C7C51972552DADC00AAFDD3 /* Root */,
				8C7C51BD2552DEEC00AAFDD3 /* Translate */,
				8C7C51BE2552DF0600AAFDD3 /* History */,
				8C7C51BF2552DF1000AAFDD3 /* Settings */,
			);
			path = Modules;
			sourceTree = "<group>";
		};
		8C7C51972552DADC00AAFDD3 /* Root */ = {
			isa = PBXGroup;
			children = (
				8C7C51992552DB0200AAFDD3 /* RootInputModel.swift */,
				8C7C519A2552DB0200AAFDD3 /* RootPresenter.swift */,
				8C7C519B2552DB0200AAFDD3 /* RootRouter.swift */,
				8C7C519C2552DB0200AAFDD3 /* RootViewController.swift */,
				8C7C519D2552DB0200AAFDD3 /* RootProtocols.swift */,
				8C7C519E2552DB0200AAFDD3 /* RootAssembly.swift */,
				8C7C519F2552DB0200AAFDD3 /* RootInteractor.swift */,
				8C7C51A02552DB0200AAFDD3 /* RootViewController.xib */,
			);
			path = Root;
			sourceTree = "<group>";
		};
		8C7C51982552DAE000AAFDD3 /* BaseTabBar */ = {
			isa = PBXGroup;
			children = (
				8C7C51AA2552DB1600AAFDD3 /* BaseTabBarInputModel.swift */,
				8C7C51AB2552DB1600AAFDD3 /* BaseTabBarPresenter.swift */,
				8C7C51AC2552DB1600AAFDD3 /* BaseTabBarRouter.swift */,
				8C7C51AD2552DB1600AAFDD3 /* BaseTabBarViewController.swift */,
				8C7C51AE2552DB1600AAFDD3 /* BaseTabBarProtocols.swift */,
				8C7C51AF2552DB1600AAFDD3 /* BaseTabBarAssembly.swift */,
				8C7C51B02552DB1600AAFDD3 /* BaseTabBarInteractor.swift */,
				8C7C51B12552DB1600AAFDD3 /* BaseTabBarViewController.xib */,
			);
			path = BaseTabBar;
			sourceTree = "<group>";
		};
		8C7C51BD2552DEEC00AAFDD3 /* Translate */ = {
			isa = PBXGroup;
			children = (
				8C7C51C02552DF2300AAFDD3 /* TranslateInputModel.swift */,
				8C7C51C12552DF2300AAFDD3 /* TranslatePresenter.swift */,
				8C7C51C22552DF2300AAFDD3 /* TranslateRouter.swift */,
				8C7C51C32552DF2300AAFDD3 /* TranslateViewController.swift */,
				8C7C51C42552DF2300AAFDD3 /* TranslateProtocols.swift */,
				8C7C51C52552DF2300AAFDD3 /* TranslateAssembly.swift */,
				8C7C51C62552DF2300AAFDD3 /* TranslateInteractor.swift */,
				8C7C51C72552DF2300AAFDD3 /* TranslateViewController.xib */,
			);
			path = Translate;
			sourceTree = "<group>";
		};
		8C7C51BE2552DF0600AAFDD3 /* History */ = {
			isa = PBXGroup;
			children = (
				8C7C51D12552DF3000AAFDD3 /* HistoryInputModel.swift */,
				8C7C51D22552DF3000AAFDD3 /* HistoryPresenter.swift */,
				8C7C51D32552DF3000AAFDD3 /* HistoryRouter.swift */,
				8C7C51D42552DF3000AAFDD3 /* HistoryViewController.swift */,
				8C7C51D52552DF3000AAFDD3 /* HistoryProtocols.swift */,
				8C7C51D62552DF3000AAFDD3 /* HistoryAssembly.swift */,
				8C7C51D72552DF3000AAFDD3 /* HistoryInteractor.swift */,
				8C7C51D82552DF3000AAFDD3 /* HistoryViewController.xib */,
			);
			path = History;
			sourceTree = "<group>";
		};
		8C7C51BF2552DF1000AAFDD3 /* Settings */ = {
			isa = PBXGroup;
			children = (
				8C7C51E22552DF3A00AAFDD3 /* SettingsInputModel.swift */,
				8C7C51E32552DF3A00AAFDD3 /* SettingsPresenter.swift */,
				8C7C51E42552DF3A00AAFDD3 /* SettingsRouter.swift */,
				8C7C51E52552DF3A00AAFDD3 /* SettingsViewController.swift */,
				8C7C51E62552DF3A00AAFDD3 /* SettingsProtocols.swift */,
				8C7C51E72552DF3A00AAFDD3 /* SettingsAssembly.swift */,
				8C7C51E82552DF3A00AAFDD3 /* SettingsInteractor.swift */,
				8C7C51E92552DF3A00AAFDD3 /* SettingsViewController.xib */,
			);
			path = Settings;
			sourceTree = "<group>";
		};
/* End PBXGroup section */

/* Begin PBXNativeTarget section */
		8C0127642551911F001F8447 /* SBBOL */ = {
			isa = PBXNativeTarget;
			buildConfigurationList = 8C01277C25519120001F8447 /* Build configuration list for PBXNativeTarget "SBBOL" */;
			buildPhases = (
				8C0127612551911F001F8447 /* Sources */,
				8C0127622551911F001F8447 /* Frameworks */,
				8C0127632551911F001F8447 /* Resources */,
			);
			buildRules = (
			);
			dependencies = (
			);
			name = SBBOL;
			productName = SBBOL;
			productReference = 8C01276525519120001F8447 /* SBBOL.app */;
			productType = "com.apple.product-type.application";
		};
/* End PBXNativeTarget section */

/* Begin PBXProject section */
		8C01275D2551911F001F8447 /* Project object */ = {
			isa = PBXProject;
			attributes = {
				LastSwiftUpdateCheck = 1200;
				LastUpgradeCheck = 1200;
				TargetAttributes = {
					8C0127642551911F001F8447 = {
						CreatedOnToolsVersion = 12.0.1;
					};
				};
			};
			buildConfigurationList = 8C0127602551911F001F8447 /* Build configuration list for PBXProject "SBBOL" */;
			compatibilityVersion = "Xcode 9.3";
			developmentRegion = en;
			hasScannedForEncodings = 0;
			knownRegions = (
				en,
				Base,
			);
			mainGroup = 8C01275C2551911F001F8447;
			productRefGroup = 8C01276625519120001F8447 /* Products */;
			projectDirPath = "";
			projectRoot = "";
			targets = (
				8C0127642551911F001F8447 /* SBBOL */,
			);
		};
/* End PBXProject section */

/* Begin PBXResourcesBuildPhase section */
		8C0127632551911F001F8447 /* Resources */ = {
			isa = PBXResourcesBuildPhase;
			buildActionMask = 2147483647;
			files = (
				8C01277825519120001F8447 /* LaunchScreen.storyboard in Resources */,
				8C01277525519120001F8447 /* Assets.xcassets in Resources */,
				8C7C51A82552DB0200AAFDD3 /* RootViewController.xib in Resources */,
				8C7C51CF2552DF2300AAFDD3 /* TranslateViewController.xib in Resources */,
				8C7C51B92552DB1600AAFDD3 /* BaseTabBarViewController.xib in Resources */,
				8C7C51F12552DF3A00AAFDD3 /* SettingsViewController.xib in Resources */,
				8C7C51E02552DF3000AAFDD3 /* HistoryViewController.xib in Resources */,
			);
			runOnlyForDeploymentPostprocessing = 0;
		};
/* End PBXResourcesBuildPhase section */

/* Begin PBXSourcesBuildPhase section */
		8C0127612551911F001F8447 /* Sources */ = {
			isa = PBXSourcesBuildPhase;
			buildActionMask = 2147483647;
			files = (
				8C7C51A22552DB0200AAFDD3 /* RootPresenter.swift in Sources */,
				8C7C51CB2552DF2300AAFDD3 /* TranslateViewController.swift in Sources */,
				8C7C51B62552DB1600AAFDD3 /* BaseTabBarProtocols.swift in Sources */,
				8C7C51C82552DF2300AAFDD3 /* TranslateInputModel.swift in Sources */,
				8C7C51B22552DB1600AAFDD3 /* BaseTabBarInputModel.swift in Sources */,
				8C7C51DA2552DF3000AAFDD3 /* HistoryPresenter.swift in Sources */,
				8C7C51DC2552DF3000AAFDD3 /* HistoryViewController.swift in Sources */,
				8C7C51A12552DB0200AAFDD3 /* RootInputModel.swift in Sources */,
				8C7C51DD2552DF3000AAFDD3 /* HistoryProtocols.swift in Sources */,
				8C7C51EE2552DF3A00AAFDD3 /* SettingsProtocols.swift in Sources */,
				8C7C51C92552DF2300AAFDD3 /* TranslatePresenter.swift in Sources */,
				8C7C51B42552DB1600AAFDD3 /* BaseTabBarRouter.swift in Sources */,
				8C01277325519120001F8447 /* SBBOL.xcdatamodeld in Sources */,
				8C7C51A42552DB0200AAFDD3 /* RootViewController.swift in Sources */,
				8C7C51A72552DB0200AAFDD3 /* RootInteractor.swift in Sources */,
				8C7C51CA2552DF2300AAFDD3 /* TranslateRouter.swift in Sources */,
				8C7C51EC2552DF3A00AAFDD3 /* SettingsRouter.swift in Sources */,
				8C7C51B52552DB1600AAFDD3 /* BaseTabBarViewController.swift in Sources */,
				8C7C51D92552DF3000AAFDD3 /* HistoryInputModel.swift in Sources */,
				8C7C51A62552DB0200AAFDD3 /* RootAssembly.swift in Sources */,
				8C7C51CC2552DF2300AAFDD3 /* TranslateProtocols.swift in Sources */,
				8C7C51DB2552DF3000AAFDD3 /* HistoryRouter.swift in Sources */,
				8C7C51B72552DB1600AAFDD3 /* BaseTabBarAssembly.swift in Sources */,
				8C7C51DE2552DF3000AAFDD3 /* HistoryAssembly.swift in Sources */,
				8C7C51CD2552DF2300AAFDD3 /* TranslateAssembly.swift in Sources */,
				8C7C51EA2552DF3A00AAFDD3 /* SettingsInputModel.swift in Sources */,
				8C7C51B32552DB1600AAFDD3 /* BaseTabBarPresenter.swift in Sources */,
				8C7C51F02552DF3A00AAFDD3 /* SettingsInteractor.swift in Sources */,
				8C7C51A32552DB0200AAFDD3 /* RootRouter.swift in Sources */,
				8C7C51CE2552DF2300AAFDD3 /* TranslateInteractor.swift in Sources */,
				8C7C51EB2552DF3A00AAFDD3 /* SettingsPresenter.swift in Sources */,
				8C7C51ED2552DF3A00AAFDD3 /* SettingsViewController.swift in Sources */,
				8C01276925519120001F8447 /* AppDelegate.swift in Sources */,
				8C7C51DF2552DF3000AAFDD3 /* HistoryInteractor.swift in Sources */,
				8C7C51A52552DB0200AAFDD3 /* RootProtocols.swift in Sources */,
				8C7C51EF2552DF3A00AAFDD3 /* SettingsAssembly.swift in Sources */,
				8C7C51B82552DB1600AAFDD3 /* BaseTabBarInteractor.swift in Sources */,
			);
			runOnlyForDeploymentPostprocessing = 0;
		};
/* End PBXSourcesBuildPhase section */

/* Begin PBXVariantGroup section */
		8C01277625519120001F8447 /* LaunchScreen.storyboard */ = {
			isa = PBXVariantGroup;
			children = (
				8C01277725519120001F8447 /* Base */,
			);
			name = LaunchScreen.storyboard;
			sourceTree = "<group>";
		};
/* End PBXVariantGroup section */

/* Begin XCBuildConfiguration section */
		8C01277A25519120001F8447 /* Debug */ = {
			isa = XCBuildConfiguration;
			buildSettings = {
				ALWAYS_SEARCH_USER_PATHS = NO;
				CLANG_ANALYZER_NONNULL = YES;
				CLANG_ANALYZER_NUMBER_OBJECT_CONVERSION = YES_AGGRESSIVE;
				CLANG_CXX_LANGUAGE_STANDARD = "gnu++14";
				CLANG_CXX_LIBRARY = "libc++";
				CLANG_ENABLE_MODULES = YES;
				CLANG_ENABLE_OBJC_ARC = YES;
				CLANG_ENABLE_OBJC_WEAK = YES;
				CLANG_WARN_BLOCK_CAPTURE_AUTORELEASING = YES;
				CLANG_WARN_BOOL_CONVERSION = YES;
				CLANG_WARN_COMMA = YES;
				CLANG_WARN_CONSTANT_CONVERSION = YES;
				CLANG_WARN_DEPRECATED_OBJC_IMPLEMENTATIONS = YES;
				CLANG_WARN_DIRECT_OBJC_ISA_USAGE = YES_ERROR;
				CLANG_WARN_DOCUMENTATION_COMMENTS = YES;
				CLANG_WARN_EMPTY_BODY = YES;
				CLANG_WARN_ENUM_CONVERSION = YES;
				CLANG_WARN_INFINITE_RECURSION = YES;
				CLANG_WARN_INT_CONVERSION = YES;
				CLANG_WARN_NON_LITERAL_NULL_CONVERSION = YES;
				CLANG_WARN_OBJC_IMPLICIT_RETAIN_SELF = YES;
				CLANG_WARN_OBJC_LITERAL_CONVERSION = YES;
				CLANG_WARN_OBJC_ROOT_CLASS = YES_ERROR;
				CLANG_WARN_QUOTED_INCLUDE_IN_FRAMEWORK_HEADER = YES;
				CLANG_WARN_RANGE_LOOP_ANALYSIS = YES;
				CLANG_WARN_STRICT_PROTOTYPES = YES;
				CLANG_WARN_SUSPICIOUS_MOVE = YES;
				CLANG_WARN_UNGUARDED_AVAILABILITY = YES_AGGRESSIVE;
				CLANG_WARN_UNREACHABLE_CODE = YES;
				CLANG_WARN__DUPLICATE_METHOD_MATCH = YES;
				COPY_PHASE_STRIP = NO;
				DEBUG_INFORMATION_FORMAT = dwarf;
				ENABLE_STRICT_OBJC_MSGSEND = YES;
				ENABLE_TESTABILITY = YES;
				GCC_C_LANGUAGE_STANDARD = gnu11;
				GCC_DYNAMIC_NO_PIC = NO;
				GCC_NO_COMMON_BLOCKS = YES;
				GCC_OPTIMIZATION_LEVEL = 0;
				GCC_PREPROCESSOR_DEFINITIONS = (
					"DEBUG=1",
					"$(inherited)",
				);
				GCC_WARN_64_TO_32_BIT_CONVERSION = YES;
				GCC_WARN_ABOUT_RETURN_TYPE = YES_ERROR;
				GCC_WARN_UNDECLARED_SELECTOR = YES;
				GCC_WARN_UNINITIALIZED_AUTOS = YES_AGGRESSIVE;
				GCC_WARN_UNUSED_FUNCTION = YES;
				GCC_WARN_UNUSED_VARIABLE = YES;
				IPHONEOS_DEPLOYMENT_TARGET = 14.0;
				MTL_ENABLE_DEBUG_INFO = INCLUDE_SOURCE;
				MTL_FAST_MATH = YES;
				ONLY_ACTIVE_ARCH = YES;
				SDKROOT = iphoneos;
				SWIFT_ACTIVE_COMPILATION_CONDITIONS = DEBUG;
				SWIFT_OPTIMIZATION_LEVEL = "-Onone";
			};
			name = Debug;
		};
		8C01277B25519120001F8447 /* Release */ = {
			isa = XCBuildConfiguration;
			buildSettings = {
				ALWAYS_SEARCH_USER_PATHS = NO;
				CLANG_ANALYZER_NONNULL = YES;
				CLANG_ANALYZER_NUMBER_OBJECT_CONVERSION = YES_AGGRESSIVE;
				CLANG_CXX_LANGUAGE_STANDARD = "gnu++14";
				CLANG_CXX_LIBRARY = "libc++";
				CLANG_ENABLE_MODULES = YES;
				CLANG_ENABLE_OBJC_ARC = YES;
				CLANG_ENABLE_OBJC_WEAK = YES;
				CLANG_WARN_BLOCK_CAPTURE_AUTORELEASING = YES;
				CLANG_WARN_BOOL_CONVERSION = YES;
				CLANG_WARN_COMMA = YES;
				CLANG_WARN_CONSTANT_CONVERSION = YES;
				CLANG_WARN_DEPRECATED_OBJC_IMPLEMENTATIONS = YES;
				CLANG_WARN_DIRECT_OBJC_ISA_USAGE = YES_ERROR;
				CLANG_WARN_DOCUMENTATION_COMMENTS = YES;
				CLANG_WARN_EMPTY_BODY = YES;
				CLANG_WARN_ENUM_CONVERSION = YES;
				CLANG_WARN_INFINITE_RECURSION = YES;
				CLANG_WARN_INT_CONVERSION = YES;
				CLANG_WARN_NON_LITERAL_NULL_CONVERSION = YES;
				CLANG_WARN_OBJC_IMPLICIT_RETAIN_SELF = YES;
				CLANG_WARN_OBJC_LITERAL_CONVERSION = YES;
				CLANG_WARN_OBJC_ROOT_CLASS = YES_ERROR;
				CLANG_WARN_QUOTED_INCLUDE_IN_FRAMEWORK_HEADER = YES;
				CLANG_WARN_RANGE_LOOP_ANALYSIS = YES;
				CLANG_WARN_STRICT_PROTOTYPES = YES;
				CLANG_WARN_SUSPICIOUS_MOVE = YES;
				CLANG_WARN_UNGUARDED_AVAILABILITY = YES_AGGRESSIVE;
				CLANG_WARN_UNREACHABLE_CODE = YES;
				CLANG_WARN__DUPLICATE_METHOD_MATCH = YES;
				COPY_PHASE_STRIP = NO;
				DEBUG_INFORMATION_FORMAT = "dwarf-with-dsym";
				ENABLE_NS_ASSERTIONS = NO;
				ENABLE_STRICT_OBJC_MSGSEND = YES;
				GCC_C_LANGUAGE_STANDARD = gnu11;
				GCC_NO_COMMON_BLOCKS = YES;
				GCC_WARN_64_TO_32_BIT_CONVERSION = YES;
				GCC_WARN_ABOUT_RETURN_TYPE = YES_ERROR;
				GCC_WARN_UNDECLARED_SELECTOR = YES;
				GCC_WARN_UNINITIALIZED_AUTOS = YES_AGGRESSIVE;
				GCC_WARN_UNUSED_FUNCTION = YES;
				GCC_WARN_UNUSED_VARIABLE = YES;
				IPHONEOS_DEPLOYMENT_TARGET = 14.0;
				MTL_ENABLE_DEBUG_INFO = NO;
				MTL_FAST_MATH = YES;
				SDKROOT = iphoneos;
				SWIFT_COMPILATION_MODE = wholemodule;
				SWIFT_OPTIMIZATION_LEVEL = "-O";
				VALIDATE_PRODUCT = YES;
			};
			name = Release;
		};
		8C01277D25519120001F8447 /* Debug */ = {
			isa = XCBuildConfiguration;
			buildSettings = {
				ASSETCATALOG_COMPILER_APPICON_NAME = AppIcon;
				ASSETCATALOG_COMPILER_GLOBAL_ACCENT_COLOR_NAME = AccentColor;
				CODE_SIGN_STYLE = Automatic;
				INFOPLIST_FILE = SBBOL/Info.plist;
				IPHONEOS_DEPLOYMENT_TARGET = 12.0;
				LD_RUNPATH_SEARCH_PATHS = (
					"$(inherited)",
					"@executable_path/Frameworks",
				);
				PRODUCT_BUNDLE_IDENTIFIER = max.SBBOL;
				PRODUCT_NAME = "$(TARGET_NAME)";
				SWIFT_VERSION = 5.0;
				TARGETED_DEVICE_FAMILY = "1,2";
			};
			name = Debug;
		};
		8C01277E25519120001F8447 /* Release */ = {
			isa = XCBuildConfiguration;
			buildSettings = {
				ASSETCATALOG_COMPILER_APPICON_NAME = AppIcon;
				ASSETCATALOG_COMPILER_GLOBAL_ACCENT_COLOR_NAME = AccentColor;
				CODE_SIGN_STYLE = Automatic;
				INFOPLIST_FILE = SBBOL/Info.plist;
				IPHONEOS_DEPLOYMENT_TARGET = 12.0;
				LD_RUNPATH_SEARCH_PATHS = (
					"$(inherited)",
					"@executable_path/Frameworks",
				);
				PRODUCT_BUNDLE_IDENTIFIER = max.SBBOL;
				PRODUCT_NAME = "$(TARGET_NAME)";
				SWIFT_VERSION = 5.0;
				TARGETED_DEVICE_FAMILY = "1,2";
			};
			name = Release;
		};
/* End XCBuildConfiguration section */

/* Begin XCConfigurationList section */
		8C0127602551911F001F8447 /* Build configuration list for PBXProject "SBBOL" */ = {
			isa = XCConfigurationList;
			buildConfigurations = (
				8C01277A25519120001F8447 /* Debug */,
				8C01277B25519120001F8447 /* Release */,
			);
			defaultConfigurationIsVisible = 0;
			defaultConfigurationName = Release;
		};
		8C01277C25519120001F8447 /* Build configuration list for PBXNativeTarget "SBBOL" */ = {
			isa = XCConfigurationList;
			buildConfigurations = (
				8C01277D25519120001F8447 /* Debug */,
				8C01277E25519120001F8447 /* Release */,
			);
			defaultConfigurationIsVisible = 0;
			defaultConfigurationName = Release;
		};
/* End XCConfigurationList section */

/* Begin XCVersionGroup section */
		8C01277125519120001F8447 /* SBBOL.xcdatamodeld */ = {
			isa = XCVersionGroup;
			children = (
				8C01277225519120001F8447 /* SBBOL.xcdatamodel */,
			);
			currentVersion = 8C01277225519120001F8447 /* SBBOL.xcdatamodel */;
			path = SBBOL.xcdatamodeld;
			sourceTree = "<group>";
			versionGroupType = wrapper.xcdatamodel;
		};
/* End XCVersionGroup section */
	};
	rootObject = 8C01275D2551911F001F8447 /* Project object */;
}
